
Microsoft Visual Studio Solution File, Format Version 12.00
# Visual Studio Version 17
VisualStudioVersion = 17.7.34009.444
MinimumVisualStudioVersion = 10.0.40219.1
Project("{FAE04EC0-301F-11D3-BF4B-00C04F79EFBC}") = "AdoptionDB", "AdoptionDB.csproj", "{FCAB93D3-31BF-41B5-A987-B7477E0A1055}"
EndProject
Global
	GlobalSection(SolutionConfigurationPlatforms) = preSolution
		Debug|Any CPU = Debug|Any CPU
		Release|Any CPU = Release|Any CPU
	EndGlobalSection
	GlobalSection(ProjectConfigurationPlatforms) = postSolution
		{FCAB93D3-31BF-41B5-A987-B7477E0A1055}.Debug|Any CPU.ActiveCfg = Debug|Any CPU
		{FCAB93D3-31BF-41B5-A987-B7477E0A1055}.Debug|Any CPU.Build.0 = Debug|Any CPU
		{FCAB93D3-31BF-41B5-A987-B7477E0A1055}.Release|Any CPU.ActiveCfg = Release|Any CPU
		{FCAB93D3-31BF-41B5-A987-B7477E0A1055}.Release|Any CPU.Build.0 = Release|Any CPU
	EndGlobalSection
	GlobalSection(SolutionProperties) = preSolution
		HideSolutionNode = FALSE
	EndGlobalSection
	GlobalSection(ExtensibilityGlobals) = postSolution
		SolutionGuid = {801B5401-98C4-41FF-84F2-31080C992571}
	EndGlobalSection
EndGlobal
